
Microsoft Visual Studio Solution File, Format Version 12.00
# Visual Studio 14
VisualStudioVersion = 14.0.23107.0
MinimumVisualStudioVersion = 10.0.40219.1
Project("{FAE04EC0-301F-11D3-BF4B-00C04F79EFBC}") = "Loja_Informatica", "WindowsFormsApplication1\Loja_Informatica.csproj", "{755B44A2-C102-419F-BB6D-C6916F04D4E9}"
EndProject
Project("{FAE04EC0-301F-11D3-BF4B-00C04F79EFBC}") = "ConectarBD", "ConectarBD\ConectarBD.csproj", "{2A03AA99-BC14-4315-A5A0-68E7483349AF}"
EndProject
Project("{FAE04EC0-301F-11D3-BF4B-00C04F79EFBC}") = "ProjetoTransferencia", "ProjetoTransferencia\ProjetoTransferencia.csproj", "{CD4636DB-1538-4EBE-8D55-B09B3E56ED9C}"
EndProject
Project("{FAE04EC0-301F-11D3-BF4B-00C04F79EFBC}") = "Negocio", "Negocio\Negocio.csproj", "{A4B1E5A6-E86B-4E49-AD04-71EBECB44599}"
EndProject
Global
	GlobalSection(SolutionConfigurationPlatforms) = preSolution
		Debug|Any CPU = Debug|Any CPU
		Release|Any CPU = Release|Any CPU
	EndGlobalSection
	GlobalSection(ProjectConfigurationPlatforms) = postSolution
		{755B44A2-C102-419F-BB6D-C6916F04D4E9}.Debug|Any CPU.ActiveCfg = Debug|Any CPU
		{755B44A2-C102-419F-BB6D-C6916F04D4E9}.Debug|Any CPU.Build.0 = Debug|Any CPU
		{755B44A2-C102-419F-BB6D-C6916F04D4E9}.Release|Any CPU.ActiveCfg = Release|Any CPU
		{755B44A2-C102-419F-BB6D-C6916F04D4E9}.Release|Any CPU.Build.0 = Release|Any CPU
		{2A03AA99-BC14-4315-A5A0-68E7483349AF}.Debug|Any CPU.ActiveCfg = Debug|Any CPU
		{2A03AA99-BC14-4315-A5A0-68E7483349AF}.Debug|Any CPU.Build.0 = Debug|Any CPU
		{2A03AA99-BC14-4315-A5A0-68E7483349AF}.Release|Any CPU.ActiveCfg = Release|Any CPU
		{2A03AA99-BC14-4315-A5A0-68E7483349AF}.Release|Any CPU.Build.0 = Release|Any CPU
		{CD4636DB-1538-4EBE-8D55-B09B3E56ED9C}.Debug|Any CPU.ActiveCfg = Debug|Any CPU
		{CD4636DB-1538-4EBE-8D55-B09B3E56ED9C}.Debug|Any CPU.Build.0 = Debug|Any CPU
		{CD4636DB-1538-4EBE-8D55-B09B3E56ED9C}.Release|Any CPU.ActiveCfg = Release|Any CPU
		{CD4636DB-1538-4EBE-8D55-B09B3E56ED9C}.Release|Any CPU.Build.0 = Release|Any CPU
		{A4B1E5A6-E86B-4E49-AD04-71EBECB44599}.Debug|Any CPU.ActiveCfg = Debug|Any CPU
		{A4B1E5A6-E86B-4E49-AD04-71EBECB44599}.Debug|Any CPU.Build.0 = Debug|Any CPU
		{A4B1E5A6-E86B-4E49-AD04-71EBECB44599}.Release|Any CPU.ActiveCfg = Release|Any CPU
		{A4B1E5A6-E86B-4E49-AD04-71EBECB44599}.Release|Any CPU.Build.0 = Release|Any CPU
	EndGlobalSection
	GlobalSection(SolutionProperties) = preSolution
		HideSolutionNode = FALSE
	EndGlobalSection
EndGlobal
